
Microsoft Visual Studio Solution File, Format Version 12.00
# Visual Studio Version 16
VisualStudioVersion = 16.0.31624.102
MinimumVisualStudioVersion = 10.0.40219.1
Project("{9A19103F-16F7-4668-BE54-9A1E7A4F7556}") = "TodoApp", "TodoApp\TodoApp.csproj", "{97FD7CF6-7E16-4D90-B241-786485C2A083}"
EndProject
Project("{9A19103F-16F7-4668-BE54-9A1E7A4F7556}") = "EFTest2", "..\..\..\source\repos\EFTest2\EFTest2\EFTest2.csproj", "{ABB98365-5AF2-4DC4-8B88-E305E4919719}"
EndProject
Global
	GlobalSection(SolutionConfigurationPlatforms) = preSolution
		Debug|Any CPU = Debug|Any CPU
		Release|Any CPU = Release|Any CPU
	EndGlobalSection
	GlobalSection(ProjectConfigurationPlatforms) = postSolution
		{97FD7CF6-7E16-4D90-B241-786485C2A083}.Debug|Any CPU.ActiveCfg = Debug|Any CPU
		{97FD7CF6-7E16-4D90-B241-786485C2A083}.Debug|Any CPU.Build.0 = Debug|Any CPU
		{97FD7CF6-7E16-4D90-B241-786485C2A083}.Release|Any CPU.ActiveCfg = Release|Any CPU
		{97FD7CF6-7E16-4D90-B241-786485C2A083}.Release|Any CPU.Build.0 = Release|Any CPU
		{ABB98365-5AF2-4DC4-8B88-E305E4919719}.Debug|Any CPU.ActiveCfg = Debug|Any CPU
		{ABB98365-5AF2-4DC4-8B88-E305E4919719}.Debug|Any CPU.Build.0 = Debug|Any CPU
		{ABB98365-5AF2-4DC4-8B88-E305E4919719}.Release|Any CPU.ActiveCfg = Release|Any CPU
		{ABB98365-5AF2-4DC4-8B88-E305E4919719}.Release|Any CPU.Build.0 = Release|Any CPU
	EndGlobalSection
	GlobalSection(SolutionProperties) = preSolution
		HideSolutionNode = FALSE
	EndGlobalSection
	GlobalSection(ExtensibilityGlobals) = postSolution
		SolutionGuid = {F30BF78D-89D1-491E-BF44-C3F5CDCF07A8}
	EndGlobalSection
EndGlobal
